Microsoft Visual Studio Solution File, Format Version 12.00
# Visual Studio Version 17
VisualStudioVersion = 17.5.2.0
MinimumVisualStudioVersion = 10.0.40219.1
Project("{FAE04EC0-301F-11D3-BF4B-00C04F79EFBC}") = "webhook_nest.main", "webhook_nest.main.csproj", "{EDDA5B26-721D-6706-3D41-862989695713}"
EndProject
Global
	GlobalSection(SolutionConfigurationPlatforms) = preSolution
		Debug|Any CPU = Debug|Any CPU
		Release|Any CPU = Release|Any CPU
	EndGlobalSection
	GlobalSection(ProjectConfigurationPlatforms) = postSolution
		{EDDA5B26-721D-6706-3D41-862989695713}.Debug|Any CPU.ActiveCfg = Debug|Any CPU
		{EDDA5B26-721D-6706-3D41-862989695713}.Debug|Any CPU.Build.0 = Debug|Any CPU
		{EDDA5B26-721D-6706-3D41-862989695713}.Release|Any CPU.ActiveCfg = Release|Any CPU
		{EDDA5B26-721D-6706-3D41-862989695713}.Release|Any CPU.Build.0 = Release|Any CPU
	EndGlobalSection
	GlobalSection(SolutionProperties) = preSolution
		HideSolutionNode = FALSE
	EndGlobalSection
	GlobalSection(ExtensibilityGlobals) = postSolution
		SolutionGuid = {BA36F778-3C27-489A-84AE-3A4E35286B31}
	EndGlobalSection
EndGlobal
